
Microsoft Visual Studio Solution File, Format Version 12.00
# Visual Studio 15
VisualStudioVersion = 15.0.28010.2016
MinimumVisualStudioVersion = 10.0.40219.1
Project("{2150E333-8FDC-42A3-9474-1A3956D46DE8}") = "Strategy", "Strategy", "{52DCA066-77F8-4CF3-8DA8-E31D9529EA19}"
EndProject
Project("{FAE04EC0-301F-11D3-BF4B-00C04F79EFBC}") = "Strategy.Pattern", "Strategy.Pattern\Strategy.Pattern.csproj", "{4876CD88-87F9-4714-A430-401F0A684021}"
EndProject
Project("{FAE04EC0-301F-11D3-BF4B-00C04F79EFBC}") = "Strategy.ConsoleTest", "Strategy.ConsoleTest\Strategy.ConsoleTest.csproj", "{53D3A415-B16F-45AA-87EF-3CB7379E32DD}"
EndProject
Project("{2150E333-8FDC-42A3-9474-1A3956D46DE8}") = "Observer", "Observer", "{EFF42C7A-4735-4CEC-94C6-E9B1B0E7FF02}"
EndProject
Project("{FAE04EC0-301F-11D3-BF4B-00C04F79EFBC}") = "Observer.Pattern", "Observer.Pattern\Observer.Pattern.csproj", "{8C0C5369-7392-4072-92E6-871C49EABD8D}"
EndProject
Project("{FAE04EC0-301F-11D3-BF4B-00C04F79EFBC}") = "Observer.ConsoleTest", "Observer.ConsoleTest\Observer.ConsoleTest.csproj", "{B1B845CD-7C34-4749-A8E4-2C3D18ED4E0C}"
EndProject
Project("{2150E333-8FDC-42A3-9474-1A3956D46DE8}") = "Decorator", "Decorator", "{4EC004A4-3859-43FB-AFD9-75689989AADA}"
EndProject
Project("{FAE04EC0-301F-11D3-BF4B-00C04F79EFBC}") = "Decorator.Pattern", "Decorator.Pattern\Decorator.Pattern.csproj", "{1376A012-2FF0-4301-9A3A-7B93229CA7A5}"
EndProject
Project("{FAE04EC0-301F-11D3-BF4B-00C04F79EFBC}") = "Decorator.ConsoleTest", "Decorator.ConsoleTest\Decorator.ConsoleTest.csproj", "{5B26EC9E-0032-4BEC-B036-76435DD3D7B1}"
EndProject
Project("{2150E333-8FDC-42A3-9474-1A3956D46DE8}") = "Factory", "Factory", "{1C594E1E-17BD-470E-BA79-DB4C7E428D2C}"
EndProject
Project("{FAE04EC0-301F-11D3-BF4B-00C04F79EFBC}") = "Factory.Pattern", "Factory.Pattern\Factory.Pattern.csproj", "{1881E7B6-F84D-4F07-999A-E2D412F46FE6}"
EndProject
Project("{FAE04EC0-301F-11D3-BF4B-00C04F79EFBC}") = "Factory.ConsoleTest", "Factory.ConsoleTest\Factory.ConsoleTest.csproj", "{8547CE48-73DA-47D3-A5CC-AC7017A99A87}"
EndProject
Project("{2150E333-8FDC-42A3-9474-1A3956D46DE8}") = "AbstractFactory", "AbstractFactory", "{15FC267E-8478-45D2-A33B-7DC33DC1EA55}"
EndProject
Project("{FAE04EC0-301F-11D3-BF4B-00C04F79EFBC}") = "AbstractFactory.Pattern", "AbstractFactory.Pattern\AbstractFactory.Pattern.csproj", "{7AF45384-C818-416E-8E1E-E3B152C234C8}"
EndProject
Project("{FAE04EC0-301F-11D3-BF4B-00C04F79EFBC}") = "AbstractFactory.ConsoleTest", "AbstractFactory.ConsoleTest\AbstractFactory.ConsoleTest.csproj", "{26740DD6-6F08-4AAA-A745-62AB782D4742}"
EndProject
Global
	GlobalSection(SolutionConfigurationPlatforms) = preSolution
		Debug|Any CPU = Debug|Any CPU
		Release|Any CPU = Release|Any CPU
	EndGlobalSection
	GlobalSection(ProjectConfigurationPlatforms) = postSolution
		{4876CD88-87F9-4714-A430-401F0A684021}.Debug|Any CPU.ActiveCfg = Debug|Any CPU
		{4876CD88-87F9-4714-A430-401F0A684021}.Debug|Any CPU.Build.0 = Debug|Any CPU
		{4876CD88-87F9-4714-A430-401F0A684021}.Release|Any CPU.ActiveCfg = Release|Any CPU
		{4876CD88-87F9-4714-A430-401F0A684021}.Release|Any CPU.Build.0 = Release|Any CPU
		{53D3A415-B16F-45AA-87EF-3CB7379E32DD}.Debug|Any CPU.ActiveCfg = Debug|Any CPU
		{53D3A415-B16F-45AA-87EF-3CB7379E32DD}.Debug|Any CPU.Build.0 = Debug|Any CPU
		{53D3A415-B16F-45AA-87EF-3CB7379E32DD}.Release|Any CPU.ActiveCfg = Release|Any CPU
		{53D3A415-B16F-45AA-87EF-3CB7379E32DD}.Release|Any CPU.Build.0 = Release|Any CPU
		{8C0C5369-7392-4072-92E6-871C49EABD8D}.Debug|Any CPU.ActiveCfg = Debug|Any CPU
		{8C0C5369-7392-4072-92E6-871C49EABD8D}.Debug|Any CPU.Build.0 = Debug|Any CPU
		{8C0C5369-7392-4072-92E6-871C49EABD8D}.Release|Any CPU.ActiveCfg = Release|Any CPU
		{8C0C5369-7392-4072-92E6-871C49EABD8D}.Release|Any CPU.Build.0 = Release|Any CPU
		{B1B845CD-7C34-4749-A8E4-2C3D18ED4E0C}.Debug|Any CPU.ActiveCfg = Debug|Any CPU
		{B1B845CD-7C34-4749-A8E4-2C3D18ED4E0C}.Debug|Any CPU.Build.0 = Debug|Any CPU
		{B1B845CD-7C34-4749-A8E4-2C3D18ED4E0C}.Release|Any CPU.ActiveCfg = Release|Any CPU
		{B1B845CD-7C34-4749-A8E4-2C3D18ED4E0C}.Release|Any CPU.Build.0 = Release|Any CPU
		{1376A012-2FF0-4301-9A3A-7B93229CA7A5}.Debug|Any CPU.ActiveCfg = Debug|Any CPU
		{1376A012-2FF0-4301-9A3A-7B93229CA7A5}.Debug|Any CPU.Build.0 = Debug|Any CPU
		{1376A012-2FF0-4301-9A3A-7B93229CA7A5}.Release|Any CPU.ActiveCfg = Release|Any CPU
		{1376A012-2FF0-4301-9A3A-7B93229CA7A5}.Release|Any CPU.Build.0 = Release|Any CPU
		{5B26EC9E-0032-4BEC-B036-76435DD3D7B1}.Debug|Any CPU.ActiveCfg = Debug|Any CPU
		{5B26EC9E-0032-4BEC-B036-76435DD3D7B1}.Debug|Any CPU.Build.0 = Debug|Any CPU
		{5B26EC9E-0032-4BEC-B036-76435DD3D7B1}.Release|Any CPU.ActiveCfg = Release|Any CPU
		{5B26EC9E-0032-4BEC-B036-76435DD3D7B1}.Release|Any CPU.Build.0 = Release|Any CPU
		{1881E7B6-F84D-4F07-999A-E2D412F46FE6}.Debug|Any CPU.ActiveCfg = Debug|Any CPU
		{1881E7B6-F84D-4F07-999A-E2D412F46FE6}.Debug|Any CPU.Build.0 = Debug|Any CPU
		{1881E7B6-F84D-4F07-999A-E2D412F46FE6}.Release|Any CPU.ActiveCfg = Release|Any CPU
		{1881E7B6-F84D-4F07-999A-E2D412F46FE6}.Release|Any CPU.Build.0 = Release|Any CPU
		{8547CE48-73DA-47D3-A5CC-AC7017A99A87}.Debug|Any CPU.ActiveCfg = Debug|Any CPU
		{8547CE48-73DA-47D3-A5CC-AC7017A99A87}.Debug|Any CPU.Build.0 = Debug|Any CPU
		{8547CE48-73DA-47D3-A5CC-AC7017A99A87}.Release|Any CPU.ActiveCfg = Release|Any CPU
		{8547CE48-73DA-47D3-A5CC-AC7017A99A87}.Release|Any CPU.Build.0 = Release|Any CPU
		{7AF45384-C818-416E-8E1E-E3B152C234C8}.Debug|Any CPU.ActiveCfg = Debug|Any CPU
		{7AF45384-C818-416E-8E1E-E3B152C234C8}.Debug|Any CPU.Build.0 = Debug|Any CPU
		{7AF45384-C818-416E-8E1E-E3B152C234C8}.Release|Any CPU.ActiveCfg = Release|Any CPU
		{7AF45384-C818-416E-8E1E-E3B152C234C8}.Release|Any CPU.Build.0 = Release|Any CPU
		{26740DD6-6F08-4AAA-A745-62AB782D4742}.Debug|Any CPU.ActiveCfg = Debug|Any CPU
		{26740DD6-6F08-4AAA-A745-62AB782D4742}.Debug|Any CPU.Build.0 = Debug|Any CPU
		{26740DD6-6F08-4AAA-A745-62AB782D4742}.Release|Any CPU.ActiveCfg = Release|Any CPU
		{26740DD6-6F08-4AAA-A745-62AB782D4742}.Release|Any CPU.Build.0 = Release|Any CPU
	EndGlobalSection
	GlobalSection(SolutionProperties) = preSolution
		HideSolutionNode = FALSE
	EndGlobalSection
	GlobalSection(NestedProjects) = preSolution
		{4876CD88-87F9-4714-A430-401F0A684021} = {52DCA066-77F8-4CF3-8DA8-E31D9529EA19}
		{53D3A415-B16F-45AA-87EF-3CB7379E32DD} = {52DCA066-77F8-4CF3-8DA8-E31D9529EA19}
		{8C0C5369-7392-4072-92E6-871C49EABD8D} = {EFF42C7A-4735-4CEC-94C6-E9B1B0E7FF02}
		{B1B845CD-7C34-4749-A8E4-2C3D18ED4E0C} = {EFF42C7A-4735-4CEC-94C6-E9B1B0E7FF02}
		{1376A012-2FF0-4301-9A3A-7B93229CA7A5} = {4EC004A4-3859-43FB-AFD9-75689989AADA}
		{5B26EC9E-0032-4BEC-B036-76435DD3D7B1} = {4EC004A4-3859-43FB-AFD9-75689989AADA}
		{1881E7B6-F84D-4F07-999A-E2D412F46FE6} = {1C594E1E-17BD-470E-BA79-DB4C7E428D2C}
		{8547CE48-73DA-47D3-A5CC-AC7017A99A87} = {1C594E1E-17BD-470E-BA79-DB4C7E428D2C}
		{7AF45384-C818-416E-8E1E-E3B152C234C8} = {15FC267E-8478-45D2-A33B-7DC33DC1EA55}
		{26740DD6-6F08-4AAA-A745-62AB782D4742} = {15FC267E-8478-45D2-A33B-7DC33DC1EA55}
	EndGlobalSection
	GlobalSection(ExtensibilityGlobals) = postSolution
		SolutionGuid = {8FE08E6B-F5DA-4213-9ECF-23A49ACB3D62}
	EndGlobalSection
EndGlobal
